// !$*UTF8*$!
{
	archiveVersion = 1;
	classes = {
	};
	objectVersion = 56;
	objects = {

/* Begin PBXBuildFile section */
		CE26F3B42C30A46300AC0FE0 /* AppDelegate.swift in Sources */ = {isa = PBXBuildFile; fileRef = CE26F3B32C30A46300AC0FE0 /* AppDelegate.swift */; };
		CE26F3B62C30A46300AC0FE0 /* SceneDelegate.swift in Sources */ = {isa = PBXBuildFile; fileRef = CE26F3B52C30A46300AC0FE0 /* SceneDelegate.swift */; };
		CE26F3B82C30A46300AC0FE0 /* DashboardViewController.swift in Sources */ = {isa = PBXBuildFile; fileRef = CE26F3B72C30A46300AC0FE0 /* DashboardViewController.swift */; };
		CE26F3BB2C30A46300AC0FE0 /* Base in Resources */ = {isa = PBXBuildFile; fileRef = CE26F3BA2C30A46300AC0FE0 /* Base */; };
		CE26F3C02C30A46500AC0FE0 /* Assets.xcassets in Resources */ = {isa = PBXBuildFile; fileRef = CE26F3BF2C30A46500AC0FE0 /* Assets.xcassets */; };
		CE26F3C32C30A46500AC0FE0 /* Base in Resources */ = {isa = PBXBuildFile; fileRef = CE26F3C22C30A46500AC0FE0 /* Base */; };
		CE26F3CE2C30A46500AC0FE0 /* Personal_Finance_ManagerTests.swift in Sources */ = {isa = PBXBuildFile; fileRef = CE26F3CD2C30A46500AC0FE0 /* Personal_Finance_ManagerTests.swift */; };
		CE26F3D82C30A46500AC0FE0 /* Personal_Finance_ManagerUITests.swift in Sources */ = {isa = PBXBuildFile; fileRef = CE26F3D72C30A46500AC0FE0 /* Personal_Finance_ManagerUITests.swift */; };
		CE26F3DA2C30A46500AC0FE0 /* Personal_Finance_ManagerUITestsLaunchTests.swift in Sources */ = {isa = PBXBuildFile; fileRef = CE26F3D92C30A46500AC0FE0 /* Personal_Finance_ManagerUITestsLaunchTests.swift */; };
		CE26F3F62C30A7E900AC0FE0 /* ColorExtension.swift in Sources */ = {isa = PBXBuildFile; fileRef = CE26F3F52C30A7E900AC0FE0 /* ColorExtension.swift */; };
		CE2894B22C33F08E008E81EF /* DropDown.swift in Sources */ = {isa = PBXBuildFile; fileRef = CE2894B12C33F08E008E81EF /* DropDown.swift */; };
		CE2894B52C33FF84008E81EF /* ViewControllerEnum.swift in Sources */ = {isa = PBXBuildFile; fileRef = CE2894B42C33FF84008E81EF /* ViewControllerEnum.swift */; };
		CE2894B72C343460008E81EF /* AlertExtension.swift in Sources */ = {isa = PBXBuildFile; fileRef = CE2894B62C343460008E81EF /* AlertExtension.swift */; };
		CE2894B92C344813008E81EF /* Personal_Finanace_Manager_Expense.swift in Sources */ = {isa = PBXBuildFile; fileRef = CE2894B82C344813008E81EF /* Personal_Finanace_Manager_Expense.swift */; };
		CE2894BB2C3468CA008E81EF /* Constant.swift in Sources */ = {isa = PBXBuildFile; fileRef = CE2894BA2C3468CA008E81EF /* Constant.swift */; };
		CE2894BD2C3468FB008E81EF /* EndPointType.swift in Sources */ = {isa = PBXBuildFile; fileRef = CE2894BC2C3468FB008E81EF /* EndPointType.swift */; };
		CE2894BF2C346944008E81EF /* APIManager.swift in Sources */ = {isa = PBXBuildFile; fileRef = CE2894BE2C346944008E81EF /* APIManager.swift */; };
		CE2894C12C346A35008E81EF /* LoginModel.swift in Sources */ = {isa = PBXBuildFile; fileRef = CE2894C02C346A35008E81EF /* LoginModel.swift */; };
		CE2894C32C346AA1008E81EF /* LoginViewModel.swift in Sources */ = {isa = PBXBuildFile; fileRef = CE2894C22C346AA1008E81EF /* LoginViewModel.swift */; };
		CE2894C52C346B55008E81EF /* LoginEndPoint.swift in Sources */ = {isa = PBXBuildFile; fileRef = CE2894C42C346B55008E81EF /* LoginEndPoint.swift */; };
		CE2894C72C346C7B008E81EF /* LoginViewController.swift in Sources */ = {isa = PBXBuildFile; fileRef = CE2894C62C346C7B008E81EF /* LoginViewController.swift */; };
		CE4B8A422C31A60E001F8F1D /* ControllerExtension.swift in Sources */ = {isa = PBXBuildFile; fileRef = CE4B8A412C31A60E001F8F1D /* ControllerExtension.swift */; };
		CE4B8A442C31A6AA001F8F1D /* ExpenseViewController.swift in Sources */ = {isa = PBXBuildFile; fileRef = CE4B8A432C31A6AA001F8F1D /* ExpenseViewController.swift */; };
		CE4B8A462C31F60F001F8F1D /* DateExtension.swift in Sources */ = {isa = PBXBuildFile; fileRef = CE4B8A452C31F60F001F8F1D /* DateExtension.swift */; };
		CE4B8A492C3200B7001F8F1D /* ChartTableViewCell.swift in Sources */ = {isa = PBXBuildFile; fileRef = CE4B8A472C3200B7001F8F1D /* ChartTableViewCell.swift */; };
		CE4B8A4A2C3200B7001F8F1D /* ChartTableViewCell.xib in Resources */ = {isa = PBXBuildFile; fileRef = CE4B8A482C3200B7001F8F1D /* ChartTableViewCell.xib */; };
		CE4B8A4D2C320310001F8F1D /* PieChartView.swift in Sources */ = {isa = PBXBuildFile; fileRef = CE4B8A4C2C320310001F8F1D /* PieChartView.swift */; };
		CE87DDEA2C31A012003920FA /* ActionSheetExtension.swift in Sources */ = {isa = PBXBuildFile; fileRef = CE87DDE92C31A012003920FA /* ActionSheetExtension.swift */; };
		CEB8A9982C32ACC300FB1DEF /* ChartViewController.swift in Sources */ = {isa = PBXBuildFile; fileRef = CEB8A9972C32ACC300FB1DEF /* ChartViewController.swift */; };
		CEB8A9CB2C33324000FB1DEF /* TomatoPieChartFramework.framework in Frameworks */ = {isa = PBXBuildFile; fileRef = CEB8A9CA2C33324000FB1DEF /* TomatoPieChartFramework.framework */; };
		CEB8A9CC2C33324000FB1DEF /* TomatoPieChartFramework.framework in Embed Frameworks */ = {isa = PBXBuildFile; fileRef = CEB8A9CA2C33324000FB1DEF /* TomatoPieChartFramework.framework */; settings = {ATTRIBUTES = (CodeSignOnCopy, RemoveHeadersOnCopy, ); }; };
		CEB8A9D32C33486D00FB1DEF /* LocalDataGlobalHelper.swift in Sources */ = {isa = PBXBuildFile; fileRef = CEB8A9D22C33486D00FB1DEF /* LocalDataGlobalHelper.swift */; };
		CEB8A9E32C33606C00FB1DEF /* Personal_Finance_Manager.xcdatamodeld in Sources */ = {isa = PBXBuildFile; fileRef = CEB8A9E12C33606C00FB1DEF /* Personal_Finance_Manager.xcdatamodeld */; };
		CEB8A9E62C3360E200FB1DEF /* FinanceManager+CoreDataClass.swift in Sources */ = {isa = PBXBuildFile; fileRef = CEB8A9E42C3360E200FB1DEF /* FinanceManager+CoreDataClass.swift */; };
		CEB8A9E72C3360E200FB1DEF /* FinanceManager+CoreDataProperties.swift in Sources */ = {isa = PBXBuildFile; fileRef = CEB8A9E52C3360E200FB1DEF /* FinanceManager+CoreDataProperties.swift */; };
		CEC0EE602C31396100C8A2ED /* TableCellEnum.swift in Sources */ = {isa = PBXBuildFile; fileRef = CEC0EE5F2C31396100C8A2ED /* TableCellEnum.swift */; };
		CEC0EE632C3139B900C8A2ED /* ShowBalanceTableViewCell.xib in Resources */ = {isa = PBXBuildFile; fileRef = CEC0EE622C3139B900C8A2ED /* ShowBalanceTableViewCell.xib */; };
		CEC0EE642C3139B900C8A2ED /* ShowBalanceTableViewCell.swift in Sources */ = {isa = PBXBuildFile; fileRef = CEC0EE612C3139B900C8A2ED /* ShowBalanceTableViewCell.swift */; };
		CEC0EE672C3165E500C8A2ED /* TransactionTableViewCell.xib in Resources */ = {isa = PBXBuildFile; fileRef = CEC0EE662C3165E500C8A2ED /* TransactionTableViewCell.xib */; };
		CEC0EE682C3165E500C8A2ED /* TransactionTableViewCell.swift in Sources */ = {isa = PBXBuildFile; fileRef = CEC0EE652C3165E500C8A2ED /* TransactionTableViewCell.swift */; };
/* End PBXBuildFile section */

/* Begin PBXContainerItemProxy section */
		CE26F3CA2C30A46500AC0FE0 /* PBXContainerItemProxy */ = {
			isa = PBXContainerItemProxy;
			containerPortal = CE26F3A82C30A46300AC0FE0 /* Project object */;
			proxyType = 1;
			remoteGlobalIDString = CE26F3AF2C30A46300AC0FE0;
			remoteInfo = "Personal Finance Manager";
		};
		CE26F3D42C30A46500AC0FE0 /* PBXContainerItemProxy */ = {
			isa = PBXContainerItemProxy;
			containerPortal = CE26F3A82C30A46300AC0FE0 /* Project object */;
			proxyType = 1;
			remoteGlobalIDString = CE26F3AF2C30A46300AC0FE0;
			remoteInfo = "Personal Finance Manager";
		};
		CEB8A9D72C33518B00FB1DEF /* PBXContainerItemProxy */ = {
			isa = PBXContainerItemProxy;
			containerPortal = CEB8A9C32C332E8D00FB1DEF /* TomatoPieChartFramework.xcodeproj */;
			proxyType = 2;
			remoteGlobalIDString = 70BFAAC8272BA1C700A3D907;
			remoteInfo = TomatoPieChartFramework;
		};
/* End PBXContainerItemProxy section */

/* Begin PBXCopyFilesBuildPhase section */
		CEB8A9CD2C33324000FB1DEF /* Embed Frameworks */ = {
			isa = PBXCopyFilesBuildPhase;
			buildActionMask = 2147483647;
			dstPath = "";
			dstSubfolderSpec = 10;
			files = (
				CEB8A9CC2C33324000FB1DEF /* TomatoPieChartFramework.framework in Embed Frameworks */,
			);
			name = "Embed Frameworks";
			runOnlyForDeploymentPostprocessing = 0;
		};
/* End PBXCopyFilesBuildPhase section */

/* Begin PBXFileReference section */
		CE26F3B02C30A46300AC0FE0 /* Personal Finance Manager.app */ = {isa = PBXFileReference; explicitFileType = wrapper.application; includeInIndex = 0; path = "Personal Finance Manager.app"; sourceTree = BUILT_PRODUCTS_DIR; };
		CE26F3B32C30A46300AC0FE0 /* AppDelegate.swift */ = {isa = PBXFileReference; lastKnownFileType = sourcecode.swift; path = AppDelegate.swift; sourceTree = "<group>"; };
		CE26F3B52C30A46300AC0FE0 /* SceneDelegate.swift */ = {isa = PBXFileReference; lastKnownFileType = sourcecode.swift; path = SceneDelegate.swift; sourceTree = "<group>"; };
		CE26F3B72C30A46300AC0FE0 /* DashboardViewController.swift */ = {isa = PBXFileReference; lastKnownFileType = sourcecode.swift; path = DashboardViewController.swift; sourceTree = "<group>"; };
		CE26F3BA2C30A46300AC0FE0 /* Base */ = {isa = PBXFileReference; lastKnownFileType = file.storyboard; name = Base; path = Base.lproj/Main.storyboard; sourceTree = "<group>"; };
		CE26F3BF2C30A46500AC0FE0 /* Assets.xcassets */ = {isa = PBXFileReference; lastKnownFileType = folder.assetcatalog; path = Assets.xcassets; sourceTree = "<group>"; };
		CE26F3C22C30A46500AC0FE0 /* Base */ = {isa = PBXFileReference; lastKnownFileType = file.storyboard; name = Base; path = Base.lproj/LaunchScreen.storyboard; sourceTree = "<group>"; };
		CE26F3C42C30A46500AC0FE0 /* Info.plist */ = {isa = PBXFileReference; lastKnownFileType = text.plist.xml; path = Info.plist; sourceTree = "<group>"; };
		CE26F3C92C30A46500AC0FE0 /* Personal Finance ManagerTests.xctest */ = {isa = PBXFileReference; explicitFileType = wrapper.cfbundle; includeInIndex = 0; path = "Personal Finance ManagerTests.xctest"; sourceTree = BUILT_PRODUCTS_DIR; };
		CE26F3CD2C30A46500AC0FE0 /* Personal_Finance_ManagerTests.swift */ = {isa = PBXFileReference; lastKnownFileType = sourcecode.swift; path = Personal_Finance_ManagerTests.swift; sourceTree = "<group>"; };
		CE26F3D32C30A46500AC0FE0 /* Personal Finance ManagerUITests.xctest */ = {isa = PBXFileReference; explicitFileType = wrapper.cfbundle; includeInIndex = 0; path = "Personal Finance ManagerUITests.xctest"; sourceTree = BUILT_PRODUCTS_DIR; };
		CE26F3D72C30A46500AC0FE0 /* Personal_Finance_ManagerUITests.swift */ = {isa = PBXFileReference; lastKnownFileType = sourcecode.swift; path = Personal_Finance_ManagerUITests.swift; sourceTree = "<group>"; };
		CE26F3D92C30A46500AC0FE0 /* Personal_Finance_ManagerUITestsLaunchTests.swift */ = {isa = PBXFileReference; lastKnownFileType = sourcecode.swift; path = Personal_Finance_ManagerUITestsLaunchTests.swift; sourceTree = "<group>"; };
		CE26F3F52C30A7E900AC0FE0 /* ColorExtension.swift */ = {isa = PBXFileReference; lastKnownFileType = sourcecode.swift; path = ColorExtension.swift; sourceTree = "<group>"; };
		CE2894B12C33F08E008E81EF /* DropDown.swift */ = {isa = PBXFileReference; lastKnownFileType = sourcecode.swift; path = DropDown.swift; sourceTree = "<group>"; };
		CE2894B42C33FF84008E81EF /* ViewControllerEnum.swift */ = {isa = PBXFileReference; lastKnownFileType = sourcecode.swift; path = ViewControllerEnum.swift; sourceTree = "<group>"; };
		CE2894B62C343460008E81EF /* AlertExtension.swift */ = {isa = PBXFileReference; lastKnownFileType = sourcecode.swift; path = AlertExtension.swift; sourceTree = "<group>"; };
		CE2894B82C344813008E81EF /* Personal_Finanace_Manager_Expense.swift */ = {isa = PBXFileReference; lastKnownFileType = sourcecode.swift; path = Personal_Finanace_Manager_Expense.swift; sourceTree = "<group>"; };
		CE2894BA2C3468CA008E81EF /* Constant.swift */ = {isa = PBXFileReference; lastKnownFileType = sourcecode.swift; path = Constant.swift; sourceTree = "<group>"; };
		CE2894BC2C3468FB008E81EF /* EndPointType.swift */ = {isa = PBXFileReference; lastKnownFileType = sourcecode.swift; path = EndPointType.swift; sourceTree = "<group>"; };
		CE2894BE2C346944008E81EF /* APIManager.swift */ = {isa = PBXFileReference; lastKnownFileType = sourcecode.swift; path = APIManager.swift; sourceTree = "<group>"; };
		CE2894C02C346A35008E81EF /* LoginModel.swift */ = {isa = PBXFileReference; lastKnownFileType = sourcecode.swift; path = LoginModel.swift; sourceTree = "<group>"; };
		CE2894C22C346AA1008E81EF /* LoginViewModel.swift */ = {isa = PBXFileReference; lastKnownFileType = sourcecode.swift; path = LoginViewModel.swift; sourceTree = "<group>"; };
		CE2894C42C346B55008E81EF /* LoginEndPoint.swift */ = {isa = PBXFileReference; lastKnownFileType = sourcecode.swift; path = LoginEndPoint.swift; sourceTree = "<group>"; };
		CE2894C62C346C7B008E81EF /* LoginViewController.swift */ = {isa = PBXFileReference; lastKnownFileType = sourcecode.swift; path = LoginViewController.swift; sourceTree = "<group>"; };
		CE4B8A412C31A60E001F8F1D /* ControllerExtension.swift */ = {isa = PBXFileReference; lastKnownFileType = sourcecode.swift; path = ControllerExtension.swift; sourceTree = "<group>"; };
		CE4B8A432C31A6AA001F8F1D /* ExpenseViewController.swift */ = {isa = PBXFileReference; lastKnownFileType = sourcecode.swift; path = ExpenseViewController.swift; sourceTree = "<group>"; };
		CE4B8A452C31F60F001F8F1D /* DateExtension.swift */ = {isa = PBXFileReference; lastKnownFileType = sourcecode.swift; path = DateExtension.swift; sourceTree = "<group>"; };
		CE4B8A472C3200B7001F8F1D /* ChartTableViewCell.swift */ = {isa = PBXFileReference; lastKnownFileType = sourcecode.swift; path = ChartTableViewCell.swift; sourceTree = "<group>"; };
		CE4B8A482C3200B7001F8F1D /* ChartTableViewCell.xib */ = {isa = PBXFileReference; lastKnownFileType = file.xib; path = ChartTableViewCell.xib; sourceTree = "<group>"; };
		CE4B8A4C2C320310001F8F1D /* PieChartView.swift */ = {isa = PBXFileReference; lastKnownFileType = sourcecode.swift; path = PieChartView.swift; sourceTree = "<group>"; };
		CE87DDE92C31A012003920FA /* ActionSheetExtension.swift */ = {isa = PBXFileReference; lastKnownFileType = sourcecode.swift; path = ActionSheetExtension.swift; sourceTree = "<group>"; };
		CEB8A9972C32ACC300FB1DEF /* ChartViewController.swift */ = {isa = PBXFileReference; lastKnownFileType = sourcecode.swift; path = ChartViewController.swift; sourceTree = "<group>"; };
		CEB8A9C32C332E8D00FB1DEF /* TomatoPieChartFramework.xcodeproj */ = {isa = PBXFileReference; lastKnownFileType = "wrapper.pb-project"; name = TomatoPieChartFramework.xcodeproj; path = "Personal Finance Manager/TomatoPieChartFramework.xcodeproj"; sourceTree = "<group>"; };
		CEB8A9CA2C33324000FB1DEF /* TomatoPieChartFramework.framework */ = {isa = PBXFileReference; explicitFileType = wrapper.framework; path = TomatoPieChartFramework.framework; sourceTree = BUILT_PRODUCTS_DIR; };
		CEB8A9D22C33486D00FB1DEF /* LocalDataGlobalHelper.swift */ = {isa = PBXFileReference; lastKnownFileType = sourcecode.swift; path = LocalDataGlobalHelper.swift; sourceTree = "<group>"; };
		CEB8A9E22C33606C00FB1DEF /* Personal_Finance_Manager.xcdatamodel */ = {isa = PBXFileReference; lastKnownFileType = wrapper.xcdatamodel; path = Personal_Finance_Manager.xcdatamodel; sourceTree = "<group>"; };
		CEB8A9E42C3360E200FB1DEF /* FinanceManager+CoreDataClass.swift */ = {isa = PBXFileReference; lastKnownFileType = sourcecode.swift; name = "FinanceManager+CoreDataClass.swift"; path = "Personal Finance Manager/LocalDB/FinanceManager+CoreDataClass.swift"; sourceTree = SOURCE_ROOT; };
		CEB8A9E52C3360E200FB1DEF /* FinanceManager+CoreDataProperties.swift */ = {isa = PBXFileReference; lastKnownFileType = sourcecode.swift; name = "FinanceManager+CoreDataProperties.swift"; path = "Personal Finance Manager/LocalDB/FinanceManager+CoreDataProperties.swift"; sourceTree = SOURCE_ROOT; };
		CEC0EE5F2C31396100C8A2ED /* TableCellEnum.swift */ = {isa = PBXFileReference; lastKnownFileType = sourcecode.swift; path = TableCellEnum.swift; sourceTree = "<group>"; };
		CEC0EE612C3139B900C8A2ED /* ShowBalanceTableViewCell.swift */ = {isa = PBXFileReference; lastKnownFileType = sourcecode.swift; path = ShowBalanceTableViewCell.swift; sourceTree = "<group>"; };
		CEC0EE622C3139B900C8A2ED /* ShowBalanceTableViewCell.xib */ = {isa = PBXFileReference; lastKnownFileType = file.xib; path = ShowBalanceTableViewCell.xib; sourceTree = "<group>"; };
		CEC0EE652C3165E500C8A2ED /* TransactionTableViewCell.swift */ = {isa = PBXFileReference; lastKnownFileType = sourcecode.swift; path = TransactionTableViewCell.swift; sourceTree = "<group>"; };
		CEC0EE662C3165E500C8A2ED /* TransactionTableViewCell.xib */ = {isa = PBXFileReference; lastKnownFileType = file.xib; path = TransactionTableViewCell.xib; sourceTree = "<group>"; };
/* End PBXFileReference section */

/* Begin PBXFrameworksBuildPhase section */
		CE26F3AD2C30A46300AC0FE0 /* Frameworks */ = {
			isa = PBXFrameworksBuildPhase;
			buildActionMask = 2147483647;
			files = (
				CEB8A9CB2C33324000FB1DEF /* TomatoPieChartFramework.framework in Frameworks */,
			);
			runOnlyForDeploymentPostprocessing = 0;
		};
		CE26F3C62C30A46500AC0FE0 /* Frameworks */ = {
			isa = PBXFrameworksBuildPhase;
			buildActionMask = 2147483647;
			files = (
			);
			runOnlyForDeploymentPostprocessing = 0;
		};
		CE26F3D02C30A46500AC0FE0 /* Frameworks */ = {
			isa = PBXFrameworksBuildPhase;
			buildActionMask = 2147483647;
			files = (
			);
			runOnlyForDeploymentPostprocessing = 0;
		};
/* End PBXFrameworksBuildPhase section */

/* Begin PBXGroup section */
		CE26F3A72C30A46300AC0FE0 = {
			isa = PBXGroup;
			children = (
				CEB8A9C32C332E8D00FB1DEF /* TomatoPieChartFramework.xcodeproj */,
				CE26F3B22C30A46300AC0FE0 /* Personal Finance Manager */,
				CE26F3CC2C30A46500AC0FE0 /* Personal Finance ManagerTests */,
				CE26F3D62C30A46500AC0FE0 /* Personal Finance ManagerUITests */,
				CE26F3B12C30A46300AC0FE0 /* Products */,
				CEB8A9C92C33324000FB1DEF /* Frameworks */,
			);
			sourceTree = "<group>";
		};
		CE26F3B12C30A46300AC0FE0 /* Products */ = {
			isa = PBXGroup;
			children = (
				CE26F3B02C30A46300AC0FE0 /* Personal Finance Manager.app */,
				CE26F3C92C30A46500AC0FE0 /* Personal Finance ManagerTests.xctest */,
				CE26F3D32C30A46500AC0FE0 /* Personal Finance ManagerUITests.xctest */,
			);
			name = Products;
			sourceTree = "<group>";
		};
		CE26F3B22C30A46300AC0FE0 /* Personal Finance Manager */ = {
			isa = PBXGroup;
			children = (
				CE26F3EE2C30A53100AC0FE0 /* Application */,
				CE26F3ED2C30A52D00AC0FE0 /* Constant */,
				CE26F3EC2C30A52B00AC0FE0 /* Extensions */,
				CE26F3EB2C30A52800AC0FE0 /* Utility */,
				CE26F3EA2C30A52600AC0FE0 /* Helpers */,
				CE26F3E92C30A52400AC0FE0 /* Screens */,
				CE26F3E82C30A52100AC0FE0 /* Storyboard */,
				CE26F3E72C30A51D00AC0FE0 /* Resources */,
				CE26F3E62C30A50500AC0FE0 /* LocalDB */,
				CE26F3C42C30A46500AC0FE0 /* Info.plist */,
			);
			path = "Personal Finance Manager";
			sourceTree = "<group>";
		};
		CE26F3CC2C30A46500AC0FE0 /* Personal Finance ManagerTests */ = {
			isa = PBXGroup;
			children = (
				CE26F3CD2C30A46500AC0FE0 /* Personal_Finance_ManagerTests.swift */,
				CE2894B82C344813008E81EF /* Personal_Finanace_Manager_Expense.swift */,
			);
			path = "Personal Finance ManagerTests";
			sourceTree = "<group>";
		};
		CE26F3D62C30A46500AC0FE0 /* Personal Finance ManagerUITests */ = {
			isa = PBXGroup;
			children = (
				CE26F3D72C30A46500AC0FE0 /* Personal_Finance_ManagerUITests.swift */,
				CE26F3D92C30A46500AC0FE0 /* Personal_Finance_ManagerUITestsLaunchTests.swift */,
			);
			path = "Personal Finance ManagerUITests";
			sourceTree = "<group>";
		};
		CE26F3E62C30A50500AC0FE0 /* LocalDB */ = {
			isa = PBXGroup;
			children = (
				CEB8A9E42C3360E200FB1DEF /* FinanceManager+CoreDataClass.swift */,
				CEB8A9E52C3360E200FB1DEF /* FinanceManager+CoreDataProperties.swift */,
				CEB8A9E12C33606C00FB1DEF /* Personal_Finance_Manager.xcdatamodeld */,
			);
			path = LocalDB;
			sourceTree = "<group>";
		};
		CE26F3E72C30A51D00AC0FE0 /* Resources */ = {
			isa = PBXGroup;
			children = (
				CE26F3BF2C30A46500AC0FE0 /* Assets.xcassets */,
			);
			path = Resources;
			sourceTree = "<group>";
		};
		CE26F3E82C30A52100AC0FE0 /* Storyboard */ = {
			isa = PBXGroup;
			children = (
				CE26F3B92C30A46300AC0FE0 /* Main.storyboard */,
				CE26F3C12C30A46500AC0FE0 /* LaunchScreen.storyboard */,
			);
			path = Storyboard;
			sourceTree = "<group>";
		};
		CE26F3E92C30A52400AC0FE0 /* Screens */ = {
			isa = PBXGroup;
			children = (
				CE26F3EF2C30A5C300AC0FE0 /* FinanceManager */,
			);
			path = Screens;
			sourceTree = "<group>";
		};
		CE26F3EA2C30A52600AC0FE0 /* Helpers */ = {
			isa = PBXGroup;
			children = (
				CE4B8A4C2C320310001F8F1D /* PieChartView.swift */,
				CEB8A9D22C33486D00FB1DEF /* LocalDataGlobalHelper.swift */,
				CE2894B12C33F08E008E81EF /* DropDown.swift */,
				CE2894BE2C346944008E81EF /* APIManager.swift */,
			);
			path = Helpers;
			sourceTree = "<group>";
		};
		CE26F3EB2C30A52800AC0FE0 /* Utility */ = {
			isa = PBXGroup;
			children = (
				CEC0EE5F2C31396100C8A2ED /* TableCellEnum.swift */,
				CE2894B42C33FF84008E81EF /* ViewControllerEnum.swift */,
				CE2894BC2C3468FB008E81EF /* EndPointType.swift */,
				CE2894C42C346B55008E81EF /* LoginEndPoint.swift */,
			);
			path = Utility;
			sourceTree = "<group>";
		};
		CE26F3EC2C30A52B00AC0FE0 /* Extensions */ = {
			isa = PBXGroup;
			children = (
				CE26F3F52C30A7E900AC0FE0 /* ColorExtension.swift */,
				CE87DDE92C31A012003920FA /* ActionSheetExtension.swift */,
				CE4B8A412C31A60E001F8F1D /* ControllerExtension.swift */,
				CE4B8A452C31F60F001F8F1D /* DateExtension.swift */,
				CE2894B62C343460008E81EF /* AlertExtension.swift */,
			);
			path = Extensions;
			sourceTree = "<group>";
		};
		CE26F3ED2C30A52D00AC0FE0 /* Constant */ = {
			isa = PBXGroup;
			children = (
				CE2894BA2C3468CA008E81EF /* Constant.swift */,
			);
			path = Constant;
			sourceTree = "<group>";
		};
		CE26F3EE2C30A53100AC0FE0 /* Application */ = {
			isa = PBXGroup;
			children = (
				CE26F3B32C30A46300AC0FE0 /* AppDelegate.swift */,
				CE26F3B52C30A46300AC0FE0 /* SceneDelegate.swift */,
			);
			path = Application;
			sourceTree = "<group>";
		};
		CE26F3EF2C30A5C300AC0FE0 /* FinanceManager */ = {
			isa = PBXGroup;
			children = (
				CE26F3F32C30A5D900AC0FE0 /* Model */,
				CE26F3F22C30A5D700AC0FE0 /* View */,
				CE26F3F12C30A5D400AC0FE0 /* ViewModel */,
			);
			path = FinanceManager;
			sourceTree = "<group>";
		};
		CE26F3F02C30A5D200AC0FE0 /* Controller */ = {
			isa = PBXGroup;
			children = (
				CE26F3B72C30A46300AC0FE0 /* DashboardViewController.swift */,
				CE4B8A432C31A6AA001F8F1D /* ExpenseViewController.swift */,
				CEB8A9972C32ACC300FB1DEF /* ChartViewController.swift */,
				CE2894C62C346C7B008E81EF /* LoginViewController.swift */,
			);
			path = Controller;
			sourceTree = "<group>";
		};
		CE26F3F12C30A5D400AC0FE0 /* ViewModel */ = {
			isa = PBXGroup;
			children = (
				CE2894C22C346AA1008E81EF /* LoginViewModel.swift */,
			);
			path = ViewModel;
			sourceTree = "<group>";
		};
		CE26F3F22C30A5D700AC0FE0 /* View */ = {
			isa = PBXGroup;
			children = (
				CE26F3F42C30A61400AC0FE0 /* Cell */,
				CE26F3F02C30A5D200AC0FE0 /* Controller */,
			);
			path = View;
			sourceTree = "<group>";
		};
		CE26F3F32C30A5D900AC0FE0 /* Model */ = {
			isa = PBXGroup;
			children = (
				CE2894C02C346A35008E81EF /* LoginModel.swift */,
			);
			path = Model;
			sourceTree = "<group>";
		};
		CE26F3F42C30A61400AC0FE0 /* Cell */ = {
			isa = PBXGroup;
			children = (
				CEC0EE612C3139B900C8A2ED /* ShowBalanceTableViewCell.swift */,
				CEC0EE622C3139B900C8A2ED /* ShowBalanceTableViewCell.xib */,
				CEC0EE652C3165E500C8A2ED /* TransactionTableViewCell.swift */,
				CEC0EE662C3165E500C8A2ED /* TransactionTableViewCell.xib */,
				CE4B8A472C3200B7001F8F1D /* ChartTableViewCell.swift */,
				CE4B8A482C3200B7001F8F1D /* ChartTableViewCell.xib */,
			);
			path = Cell;
			sourceTree = "<group>";
		};
		CEB8A9C92C33324000FB1DEF /* Frameworks */ = {
			isa = PBXGroup;
			children = (
				CEB8A9CA2C33324000FB1DEF /* TomatoPieChartFramework.framework */,
			);
			name = Frameworks;
			sourceTree = "<group>";
		};
		CEB8A9D42C33518B00FB1DEF /* Products */ = {
			isa = PBXGroup;
			children = (
				CEB8A9D82C33518B00FB1DEF /* TomatoPieChartFramework.framework */,
			);
			name = Products;
			sourceTree = "<group>";
		};
/* End PBXGroup section */

/* Begin PBXNativeTarget section */
		CE26F3AF2C30A46300AC0FE0 /* Personal Finance Manager */ = {
			isa = PBXNativeTarget;
			buildConfigurationList = CE26F3DD2C30A46500AC0FE0 /* Build configuration list for PBXNativeTarget "Personal Finance Manager" */;
			buildPhases = (
				CE26F3AC2C30A46300AC0FE0 /* Sources */,
				CE26F3AD2C30A46300AC0FE0 /* Frameworks */,
				CE26F3AE2C30A46300AC0FE0 /* Resources */,
				CEB8A9CD2C33324000FB1DEF /* Embed Frameworks */,
			);
			buildRules = (
			);
			dependencies = (
			);
			name = "Personal Finance Manager";
			productName = "Personal Finance Manager";
			productReference = CE26F3B02C30A46300AC0FE0 /* Personal Finance Manager.app */;
			productType = "com.apple.product-type.application";
		};
		CE26F3C82C30A46500AC0FE0 /* Personal Finance ManagerTests */ = {
			isa = PBXNativeTarget;
			buildConfigurationList = CE26F3E02C30A46500AC0FE0 /* Build configuration list for PBXNativeTarget "Personal Finance ManagerTests" */;
			buildPhases = (
				CE26F3C52C30A46500AC0FE0 /* Sources */,
				CE26F3C62C30A46500AC0FE0 /* Frameworks */,
				CE26F3C72C30A46500AC0FE0 /* Resources */,
			);
			buildRules = (
			);
			dependencies = (
				CE26F3CB2C30A46500AC0FE0 /* PBXTargetDependency */,
			);
			name = "Personal Finance ManagerTests";
			productName = "Personal Finance ManagerTests";
			productReference = CE26F3C92C30A46500AC0FE0 /* Personal Finance ManagerTests.xctest */;
			productType = "com.apple.product-type.bundle.unit-test";
		};
		CE26F3D22C30A46500AC0FE0 /* Personal Finance ManagerUITests */ = {
			isa = PBXNativeTarget;
			buildConfigurationList = CE26F3E32C30A46500AC0FE0 /* Build configuration list for PBXNativeTarget "Personal Finance ManagerUITests" */;
			buildPhases = (
				CE26F3CF2C30A46500AC0FE0 /* Sources */,
				CE26F3D02C30A46500AC0FE0 /* Frameworks */,
				CE26F3D12C30A46500AC0FE0 /* Resources */,
			);
			buildRules = (
			);
			dependencies = (
				CE26F3D52C30A46500AC0FE0 /* PBXTargetDependency */,
			);
			name = "Personal Finance ManagerUITests";
			productName = "Personal Finance ManagerUITests";
			productReference = CE26F3D32C30A46500AC0FE0 /* Personal Finance ManagerUITests.xctest */;
			productType = "com.apple.product-type.bundle.ui-testing";
		};
/* End PBXNativeTarget section */

/* Begin PBXProject section */
		CE26F3A82C30A46300AC0FE0 /* Project object */ = {
			isa = PBXProject;
			attributes = {
				BuildIndependentTargetsInParallel = 1;
				LastSwiftUpdateCheck = 1530;
				LastUpgradeCheck = 1530;
				TargetAttributes = {
					CE26F3AF2C30A46300AC0FE0 = {
						CreatedOnToolsVersion = 15.3;
					};
					CE26F3C82C30A46500AC0FE0 = {
						CreatedOnToolsVersion = 15.3;
						TestTargetID = CE26F3AF2C30A46300AC0FE0;
					};
					CE26F3D22C30A46500AC0FE0 = {
						CreatedOnToolsVersion = 15.3;
						TestTargetID = CE26F3AF2C30A46300AC0FE0;
					};
				};
			};
			buildConfigurationList = CE26F3AB2C30A46300AC0FE0 /* Build configuration list for PBXProject "Personal Finance Manager" */;
			compatibilityVersion = "Xcode 14.0";
			developmentRegion = en;
			hasScannedForEncodings = 0;
			knownRegions = (
				en,
				Base,
			);
			mainGroup = CE26F3A72C30A46300AC0FE0;
			productRefGroup = CE26F3B12C30A46300AC0FE0 /* Products */;
			projectDirPath = "";
			projectReferences = (
				{
					ProductGroup = CEB8A9D42C33518B00FB1DEF /* Products */;
					ProjectRef = CEB8A9C32C332E8D00FB1DEF /* TomatoPieChartFramework.xcodeproj */;
				},
			);
			projectRoot = "";
			targets = (
				CE26F3AF2C30A46300AC0FE0 /* Personal Finance Manager */,
				CE26F3C82C30A46500AC0FE0 /* Personal Finance ManagerTests */,
				CE26F3D22C30A46500AC0FE0 /* Personal Finance ManagerUITests */,
			);
		};
/* End PBXProject section */

/* Begin PBXReferenceProxy section */
		CEB8A9D82C33518B00FB1DEF /* TomatoPieChartFramework.framework */ = {
			isa = PBXReferenceProxy;
			fileType = wrapper.framework;
			path = TomatoPieChartFramework.framework;
			remoteRef = CEB8A9D72C33518B00FB1DEF /* PBXContainerItemProxy */;
			sourceTree = BUILT_PRODUCTS_DIR;
		};
/* End PBXReferenceProxy section */

/* Begin PBXResourcesBuildPhase section */
		CE26F3AE2C30A46300AC0FE0 /* Resources */ = {
			isa = PBXResourcesBuildPhase;
			buildActionMask = 2147483647;
			files = (
				CEC0EE672C3165E500C8A2ED /* TransactionTableViewCell.xib in Resources */,
				CE26F3C02C30A46500AC0FE0 /* Assets.xcassets in Resources */,
				CE4B8A4A2C3200B7001F8F1D /* ChartTableViewCell.xib in Resources */,
				CE26F3C32C30A46500AC0FE0 /* Base in Resources */,
				CE26F3BB2C30A46300AC0FE0 /* Base in Resources */,
				CEC0EE632C3139B900C8A2ED /* ShowBalanceTableViewCell.xib in Resources */,
			);
			runOnlyForDeploymentPostprocessing = 0;
		};
		CE26F3C72C30A46500AC0FE0 /* Resources */ = {
			isa = PBXResourcesBuildPhase;
			buildActionMask = 2147483647;
			files = (
			);
			runOnlyForDeploymentPostprocessing = 0;
		};
		CE26F3D12C30A46500AC0FE0 /* Resources */ = {
			isa = PBXResourcesBuildPhase;
			buildActionMask = 2147483647;
			files = (
			);
			runOnlyForDeploymentPostprocessing = 0;
		};
/* End PBXResourcesBuildPhase section */

/* Begin PBXSourcesBuildPhase section */
		CE26F3AC2C30A46300AC0FE0 /* Sources */ = {
			isa = PBXSourcesBuildPhase;
			buildActionMask = 2147483647;
			files = (
				CE2894C72C346C7B008E81EF /* LoginViewController.swift in Sources */,
				CE2894BF2C346944008E81EF /* APIManager.swift in Sources */,
				CE4B8A4D2C320310001F8F1D /* PieChartView.swift in Sources */,
				CE4B8A442C31A6AA001F8F1D /* ExpenseViewController.swift in Sources */,
				CEB8A9E62C3360E200FB1DEF /* FinanceManager+CoreDataClass.swift in Sources */,
				CE2894B52C33FF84008E81EF /* ViewControllerEnum.swift in Sources */,
				CEB8A9E72C3360E200FB1DEF /* FinanceManager+CoreDataProperties.swift in Sources */,
				CE4B8A462C31F60F001F8F1D /* DateExtension.swift in Sources */,
				CE26F3B82C30A46300AC0FE0 /* DashboardViewController.swift in Sources */,
				CE2894C32C346AA1008E81EF /* LoginViewModel.swift in Sources */,
				CE26F3B42C30A46300AC0FE0 /* AppDelegate.swift in Sources */,
				CE4B8A492C3200B7001F8F1D /* ChartTableViewCell.swift in Sources */,
				CE2894C12C346A35008E81EF /* LoginModel.swift in Sources */,
				CE87DDEA2C31A012003920FA /* ActionSheetExtension.swift in Sources */,
				CEC0EE682C3165E500C8A2ED /* TransactionTableViewCell.swift in Sources */,
				CE26F3B62C30A46300AC0FE0 /* SceneDelegate.swift in Sources */,
				CE2894C52C346B55008E81EF /* LoginEndPoint.swift in Sources */,
				CE26F3F62C30A7E900AC0FE0 /* ColorExtension.swift in Sources */,
				CE2894B72C343460008E81EF /* AlertExtension.swift in Sources */,
				CEC0EE642C3139B900C8A2ED /* ShowBalanceTableViewCell.swift in Sources */,
				CEB8A9D32C33486D00FB1DEF /* LocalDataGlobalHelper.swift in Sources */,
				CE2894B22C33F08E008E81EF /* DropDown.swift in Sources */,
				CEC0EE602C31396100C8A2ED /* TableCellEnum.swift in Sources */,
				CE4B8A422C31A60E001F8F1D /* ControllerExtension.swift in Sources */,
				CE2894BB2C3468CA008E81EF /* Constant.swift in Sources */,
				CEB8A9E32C33606C00FB1DEF /* Personal_Finance_Manager.xcdatamodeld in Sources */,
				CE2894BD2C3468FB008E81EF /* EndPointType.swift in Sources */,
				CEB8A9982C32ACC300FB1DEF /* ChartViewController.swift in Sources */,
			);
			runOnlyForDeploymentPostprocessing = 0;
		};
		CE26F3C52C30A46500AC0FE0 /* Sources */ = {
			isa = PBXSourcesBuildPhase;
			buildActionMask = 2147483647;
			files = (
				CE26F3CE2C30A46500AC0FE0 /* Personal_Finance_ManagerTests.swift in Sources */,
				CE2894B92C344813008E81EF /* Personal_Finanace_Manager_Expense.swift in Sources */,
			);
			runOnlyForDeploymentPostprocessing = 0;
		};
		CE26F3CF2C30A46500AC0FE0 /* Sources */ = {
			isa = PBXSourcesBuildPhase;
			buildActionMask = 2147483647;
			files = (
				CE26F3D82C30A46500AC0FE0 /* Personal_Finance_ManagerUITests.swift in Sources */,
				CE26F3DA2C30A46500AC0FE0 /* Personal_Finance_ManagerUITestsLaunchTests.swift in Sources */,
			);
			runOnlyForDeploymentPostprocessing = 0;
		};
/* End PBXSourcesBuildPhase section */

/* Begin PBXTargetDependency section */
		CE26F3CB2C30A46500AC0FE0 /* PBXTargetDependency */ = {
			isa = PBXTargetDependency;
			target = CE26F3AF2C30A46300AC0FE0 /* Personal Finance Manager */;
			targetProxy = CE26F3CA2C30A46500AC0FE0 /* PBXContainerItemProxy */;
		};
		CE26F3D52C30A46500AC0FE0 /* PBXTargetDependency */ = {
			isa = PBXTargetDependency;
			target = CE26F3AF2C30A46300AC0FE0 /* Personal Finance Manager */;
			targetProxy = CE26F3D42C30A46500AC0FE0 /* PBXContainerItemProxy */;
		};
/* End PBXTargetDependency section */

/* Begin PBXVariantGroup section */
		CE26F3B92C30A46300AC0FE0 /* Main.storyboard */ = {
			isa = PBXVariantGroup;
			children = (
				CE26F3BA2C30A46300AC0FE0 /* Base */,
			);
			name = Main.storyboard;
			sourceTree = "<group>";
		};
		CE26F3C12C30A46500AC0FE0 /* LaunchScreen.storyboard */ = {
			isa = PBXVariantGroup;
			children = (
				CE26F3C22C30A46500AC0FE0 /* Base */,
			);
			name = LaunchScreen.storyboard;
			sourceTree = "<group>";
		};
/* End PBXVariantGroup section */

/* Begin XCBuildConfiguration section */
		CE26F3DB2C30A46500AC0FE0 /* Debug */ = {
			isa = XCBuildConfiguration;
			buildSettings = {
				ALWAYS_SEARCH_USER_PATHS = NO;
				ASSETCATALOG_COMPILER_GENERATE_SWIFT_ASSET_SYMBOL_EXTENSIONS = YES;
				CLANG_ANALYZER_NONNULL = YES;
				CLANG_ANALYZER_NUMBER_OBJECT_CONVERSION = YES_AGGRESSIVE;
				CLANG_CXX_LANGUAGE_STANDARD = "gnu++20";
				CLANG_ENABLE_MODULES = YES;
				CLANG_ENABLE_OBJC_ARC = YES;
				CLANG_ENABLE_OBJC_WEAK = YES;
				CLANG_WARN_BLOCK_CAPTURE_AUTORELEASING = YES;
				CLANG_WARN_BOOL_CONVERSION = YES;
				CLANG_WARN_COMMA = YES;
				CLANG_WARN_CONSTANT_CONVERSION = YES;
				CLANG_WARN_DEPRECATED_OBJC_IMPLEMENTATIONS = YES;
				CLANG_WARN_DIRECT_OBJC_ISA_USAGE = YES_ERROR;
				CLANG_WARN_DOCUMENTATION_COMMENTS = YES;
				CLANG_WARN_EMPTY_BODY = YES;
				CLANG_WARN_ENUM_CONVERSION = YES;
				CLANG_WARN_INFINITE_RECURSION = YES;
				CLANG_WARN_INT_CONVERSION = YES;
				CLANG_WARN_NON_LITERAL_NULL_CONVERSION = YES;
				CLANG_WARN_OBJC_IMPLICIT_RETAIN_SELF = YES;
				CLANG_WARN_OBJC_LITERAL_CONVERSION = YES;
				CLANG_WARN_OBJC_ROOT_CLASS = YES_ERROR;
				CLANG_WARN_QUOTED_INCLUDE_IN_FRAMEWORK_HEADER = YES;
				CLANG_WARN_RANGE_LOOP_ANALYSIS = YES;
				CLANG_WARN_STRICT_PROTOTYPES = YES;
				CLANG_WARN_SUSPICIOUS_MOVE = YES;
				CLANG_WARN_UNGUARDED_AVAILABILITY = YES_AGGRESSIVE;
				CLANG_WARN_UNREACHABLE_CODE = YES;
				CLANG_WARN__DUPLICATE_METHOD_MATCH = YES;
				COPY_PHASE_STRIP = NO;
				DEBUG_INFORMATION_FORMAT = dwarf;
				ENABLE_STRICT_OBJC_MSGSEND = YES;
				ENABLE_TESTABILITY = YES;
				ENABLE_USER_SCRIPT_SANDBOXING = YES;
				GCC_C_LANGUAGE_STANDARD = gnu17;
				GCC_DYNAMIC_NO_PIC = NO;
				GCC_NO_COMMON_BLOCKS = YES;
				GCC_OPTIMIZATION_LEVEL = 0;
				GCC_PREPROCESSOR_DEFINITIONS = (
					"DEBUG=1",
					"$(inherited)",
				);
				GCC_WARN_64_TO_32_BIT_CONVERSION = YES;
				GCC_WARN_ABOUT_RETURN_TYPE = YES_ERROR;
				GCC_WARN_UNDECLARED_SELECTOR = YES;
				GCC_WARN_UNINITIALIZED_AUTOS = YES_AGGRESSIVE;
				GCC_WARN_UNUSED_FUNCTION = YES;
				GCC_WARN_UNUSED_VARIABLE = YES;
				IPHONEOS_DEPLOYMENT_TARGET = 17.4;
				LOCALIZATION_PREFERS_STRING_CATALOGS = YES;
				MTL_ENABLE_DEBUG_INFO = INCLUDE_SOURCE;
				MTL_FAST_MATH = YES;
				ONLY_ACTIVE_ARCH = YES;
				SDKROOT = iphoneos;
				SWIFT_ACTIVE_COMPILATION_CONDITIONS = "DEBUG $(inherited)";
				SWIFT_OPTIMIZATION_LEVEL = "-Onone";
			};
			name = Debug;
		};
		CE26F3DC2C30A46500AC0FE0 /* Release */ = {
			isa = XCBuildConfiguration;
			buildSettings = {
				ALWAYS_SEARCH_USER_PATHS = NO;
				ASSETCATALOG_COMPILER_GENERATE_SWIFT_ASSET_SYMBOL_EXTENSIONS = YES;
				CLANG_ANALYZER_NONNULL = YES;
				CLANG_ANALYZER_NUMBER_OBJECT_CONVERSION = YES_AGGRESSIVE;
				CLANG_CXX_LANGUAGE_STANDARD = "gnu++20";
				CLANG_ENABLE_MODULES = YES;
				CLANG_ENABLE_OBJC_ARC = YES;
				CLANG_ENABLE_OBJC_WEAK = YES;
				CLANG_WARN_BLOCK_CAPTURE_AUTORELEASING = YES;
				CLANG_WARN_BOOL_CONVERSION = YES;
				CLANG_WARN_COMMA = YES;
				CLANG_WARN_CONSTANT_CONVERSION = YES;
				CLANG_WARN_DEPRECATED_OBJC_IMPLEMENTATIONS = YES;
				CLANG_WARN_DIRECT_OBJC_ISA_USAGE = YES_ERROR;
				CLANG_WARN_DOCUMENTATION_COMMENTS = YES;
				CLANG_WARN_EMPTY_BODY = YES;
				CLANG_WARN_ENUM_CONVERSION = YES;
				CLANG_WARN_INFINITE_RECURSION = YES;
				CLANG_WARN_INT_CONVERSION = YES;
				CLANG_WARN_NON_LITERAL_NULL_CONVERSION = YES;
				CLANG_WARN_OBJC_IMPLICIT_RETAIN_SELF = YES;
				CLANG_WARN_OBJC_LITERAL_CONVERSION = YES;
				CLANG_WARN_OBJC_ROOT_CLASS = YES_ERROR;
				CLANG_WARN_QUOTED_INCLUDE_IN_FRAMEWORK_HEADER = YES;
				CLANG_WARN_RANGE_LOOP_ANALYSIS = YES;
				CLANG_WARN_STRICT_PROTOTYPES = YES;
				CLANG_WARN_SUSPICIOUS_MOVE = YES;
				CLANG_WARN_UNGUARDED_AVAILABILITY = YES_AGGRESSIVE;
				CLANG_WARN_UNREACHABLE_CODE = YES;
				CLANG_WARN__DUPLICATE_METHOD_MATCH = YES;
				COPY_PHASE_STRIP = NO;
				DEBUG_INFORMATION_FORMAT = "dwarf-with-dsym";
				ENABLE_NS_ASSERTIONS = NO;
				ENABLE_STRICT_OBJC_MSGSEND = YES;
				ENABLE_USER_SCRIPT_SANDBOXING = YES;
				GCC_C_LANGUAGE_STANDARD = gnu17;
				GCC_NO_COMMON_BLOCKS = YES;
				GCC_WARN_64_TO_32_BIT_CONVERSION = YES;
				GCC_WARN_ABOUT_RETURN_TYPE = YES_ERROR;
				GCC_WARN_UNDECLARED_SELECTOR = YES;
				GCC_WARN_UNINITIALIZED_AUTOS = YES_AGGRESSIVE;
				GCC_WARN_UNUSED_FUNCTION = YES;
				GCC_WARN_UNUSED_VARIABLE = YES;
				IPHONEOS_DEPLOYMENT_TARGET = 17.4;
				LOCALIZATION_PREFERS_STRING_CATALOGS = YES;
				MTL_ENABLE_DEBUG_INFO = NO;
				MTL_FAST_MATH = YES;
				SDKROOT = iphoneos;
				SWIFT_COMPILATION_MODE = wholemodule;
				VALIDATE_PRODUCT = YES;
			};
			name = Release;
		};
		CE26F3DE2C30A46500AC0FE0 /* Debug */ = {
			isa = XCBuildConfiguration;
			buildSettings = {
				ASSETCATALOG_COMPILER_APPICON_NAME = AppIcon;
				ASSETCATALOG_COMPILER_GLOBAL_ACCENT_COLOR_NAME = AccentColor;
				CODE_SIGN_STYLE = Automatic;
				CURRENT_PROJECT_VERSION = 1;
				DEVELOPMENT_TEAM = 446HQB2H3T;
				GENERATE_INFOPLIST_FILE = YES;
				INFOPLIST_FILE = "Personal Finance Manager/Info.plist";
				INFOPLIST_KEY_UIApplicationSupportsIndirectInputEvents = YES;
				INFOPLIST_KEY_UILaunchStoryboardName = LaunchScreen;
				INFOPLIST_KEY_UIMainStoryboardFile = Main;
				INFOPLIST_KEY_UISupportedInterfaceOrientations_iPad = "UIInterfaceOrientationPortrait UIInterfaceOrientationPortraitUpsideDown UIInterfaceOrientationLandscapeLeft UIInterfaceOrientationLandscapeRight";
				INFOPLIST_KEY_UISupportedInterfaceOrientations_iPhone = "UIInterfaceOrientationPortrait UIInterfaceOrientationLandscapeLeft UIInterfaceOrientationLandscapeRight";
				LD_RUNPATH_SEARCH_PATHS = (
					"$(inherited)",
					"@executable_path/Frameworks",
				);
				MARKETING_VERSION = 1.0;
				PRODUCT_BUNDLE_IDENTIFIER = "com.FinanceApp.rashed.Personal-Finance-Manager";
				PRODUCT_NAME = "$(TARGET_NAME)";
				SWIFT_EMIT_LOC_STRINGS = YES;
				SWIFT_VERSION = 5.0;
				TARGETED_DEVICE_FAMILY = "1,2";
			};
			name = Debug;
		};
		CE26F3DF2C30A46500AC0FE0 /* Release */ = {
			isa = XCBuildConfiguration;
			buildSettings = {
				ASSETCATALOG_COMPILER_APPICON_NAME = AppIcon;
				ASSETCATALOG_COMPILER_GLOBAL_ACCENT_COLOR_NAME = AccentColor;
				CODE_SIGN_STYLE = Automatic;
				CURRENT_PROJECT_VERSION = 1;
				DEVELOPMENT_TEAM = 446HQB2H3T;
				GENERATE_INFOPLIST_FILE = YES;
				INFOPLIST_FILE = "Personal Finance Manager/Info.plist";
				INFOPLIST_KEY_UIApplicationSupportsIndirectInputEvents = YES;
				INFOPLIST_KEY_UILaunchStoryboardName = LaunchScreen;
				INFOPLIST_KEY_UIMainStoryboardFile = Main;
				INFOPLIST_KEY_UISupportedInterfaceOrientations_iPad = "UIInterfaceOrientationPortrait UIInterfaceOrientationPortraitUpsideDown UIInterfaceOrientationLandscapeLeft UIInterfaceOrientationLandscapeRight";
				INFOPLIST_KEY_UISupportedInterfaceOrientations_iPhone = "UIInterfaceOrientationPortrait UIInterfaceOrientationLandscapeLeft UIInterfaceOrientationLandscapeRight";
				LD_RUNPATH_SEARCH_PATHS = (
					"$(inherited)",
					"@executable_path/Frameworks",
				);
				MARKETING_VERSION = 1.0;
				PRODUCT_BUNDLE_IDENTIFIER = "com.FinanceApp.rashed.Personal-Finance-Manager";
				PRODUCT_NAME = "$(TARGET_NAME)";
				SWIFT_EMIT_LOC_STRINGS = YES;
				SWIFT_VERSION = 5.0;
				TARGETED_DEVICE_FAMILY = "1,2";
			};
			name = Release;
		};
		CE26F3E12C30A46500AC0FE0 /* Debug */ = {
			isa = XCBuildConfiguration;
			buildSettings = {
				ALWAYS_EMBED_SWIFT_STANDARD_LIBRARIES = YES;
				BUNDLE_LOADER = "$(TEST_HOST)";
				CODE_SIGN_STYLE = Automatic;
				CURRENT_PROJECT_VERSION = 1;
				DEVELOPMENT_TEAM = 446HQB2H3T;
				GENERATE_INFOPLIST_FILE = YES;
				IPHONEOS_DEPLOYMENT_TARGET = 17.4;
				MARKETING_VERSION = 1.0;
				PRODUCT_BUNDLE_IDENTIFIER = "com.FinanceApp.rashed.Personal-Finance-ManagerTests";
				PRODUCT_NAME = "$(TARGET_NAME)";
				SWIFT_EMIT_LOC_STRINGS = NO;
				SWIFT_VERSION = 5.0;
				TARGETED_DEVICE_FAMILY = "1,2";
				TEST_HOST = "$(BUILT_PRODUCTS_DIR)/Personal Finance Manager.app/$(BUNDLE_EXECUTABLE_FOLDER_PATH)/Personal Finance Manager";
			};
			name = Debug;
		};
		CE26F3E22C30A46500AC0FE0 /* Release */ = {
			isa = XCBuildConfiguration;
			buildSettings = {
				ALWAYS_EMBED_SWIFT_STANDARD_LIBRARIES = YES;
				BUNDLE_LOADER = "$(TEST_HOST)";
				CODE_SIGN_STYLE = Automatic;
				CURRENT_PROJECT_VERSION = 1;
				DEVELOPMENT_TEAM = 446HQB2H3T;
				GENERATE_INFOPLIST_FILE = YES;
				IPHONEOS_DEPLOYMENT_TARGET = 17.4;
				MARKETING_VERSION = 1.0;
				PRODUCT_BUNDLE_IDENTIFIER = "com.FinanceApp.rashed.Personal-Finance-ManagerTests";
				PRODUCT_NAME = "$(TARGET_NAME)";
				SWIFT_EMIT_LOC_STRINGS = NO;
				SWIFT_VERSION = 5.0;
				TARGETED_DEVICE_FAMILY = "1,2";
				TEST_HOST = "$(BUILT_PRODUCTS_DIR)/Personal Finance Manager.app/$(BUNDLE_EXECUTABLE_FOLDER_PATH)/Personal Finance Manager";
			};
			name = Release;
		};
		CE26F3E42C30A46500AC0FE0 /* Debug */ = {
			isa = XCBuildConfiguration;
			buildSettings = {
				ALWAYS_EMBED_SWIFT_STANDARD_LIBRARIES = YES;
				CODE_SIGN_STYLE = Automatic;
				CURRENT_PROJECT_VERSION = 1;
				DEVELOPMENT_TEAM = 446HQB2H3T;
				GENERATE_INFOPLIST_FILE = YES;
				MARKETING_VERSION = 1.0;
				PRODUCT_BUNDLE_IDENTIFIER = "com.FinanceApp.rashed.Personal-Finance-ManagerUITests";
				PRODUCT_NAME = "$(TARGET_NAME)";
				SWIFT_EMIT_LOC_STRINGS = NO;
				SWIFT_VERSION = 5.0;
				TARGETED_DEVICE_FAMILY = "1,2";
				TEST_TARGET_NAME = "Personal Finance Manager";
			};
			name = Debug;
		};
		CE26F3E52C30A46500AC0FE0 /* Release */ = {
			isa = XCBuildConfiguration;
			buildSettings = {
				ALWAYS_EMBED_SWIFT_STANDARD_LIBRARIES = YES;
				CODE_SIGN_STYLE = Automatic;
				CURRENT_PROJECT_VERSION = 1;
				DEVELOPMENT_TEAM = 446HQB2H3T;
				GENERATE_INFOPLIST_FILE = YES;
				MARKETING_VERSION = 1.0;
				PRODUCT_BUNDLE_IDENTIFIER = "com.FinanceApp.rashed.Personal-Finance-ManagerUITests";
				PRODUCT_NAME = "$(TARGET_NAME)";
				SWIFT_EMIT_LOC_STRINGS = NO;
				SWIFT_VERSION = 5.0;
				TARGETED_DEVICE_FAMILY = "1,2";
				TEST_TARGET_NAME = "Personal Finance Manager";
			};
			name = Release;
		};
/* End XCBuildConfiguration section */

/* Begin XCConfigurationList section */
		CE26F3AB2C30A46300AC0FE0 /* Build configuration list for PBXProject "Personal Finance Manager" */ = {
			isa = XCConfigurationList;
			buildConfigurations = (
				CE26F3DB2C30A46500AC0FE0 /* Debug */,
				CE26F3DC2C30A46500AC0FE0 /* Release */,
			);
			defaultConfigurationIsVisible = 0;
			defaultConfigurationName = Release;
		};
		CE26F3DD2C30A46500AC0FE0 /* Build configuration list for PBXNativeTarget "Personal Finance Manager" */ = {
			isa = XCConfigurationList;
			buildConfigurations = (
				CE26F3DE2C30A46500AC0FE0 /* Debug */,
				CE26F3DF2C30A46500AC0FE0 /* Release */,
			);
			defaultConfigurationIsVisible = 0;
			defaultConfigurationName = Release;
		};
		CE26F3E02C30A46500AC0FE0 /* Build configuration list for PBXNativeTarget "Personal Finance ManagerTests" */ = {
			isa = XCConfigurationList;
			buildConfigurations = (
				CE26F3E12C30A46500AC0FE0 /* Debug */,
				CE26F3E22C30A46500AC0FE0 /* Release */,
			);
			defaultConfigurationIsVisible = 0;
			defaultConfigurationName = Release;
		};
		CE26F3E32C30A46500AC0FE0 /* Build configuration list for PBXNativeTarget "Personal Finance ManagerUITests" */ = {
			isa = XCConfigurationList;
			buildConfigurations = (
				CE26F3E42C30A46500AC0FE0 /* Debug */,
				CE26F3E52C30A46500AC0FE0 /* Release */,
			);
			defaultConfigurationIsVisible = 0;
			defaultConfigurationName = Release;
		};
/* End XCConfigurationList section */

/* Begin XCVersionGroup section */
		CEB8A9E12C33606C00FB1DEF /* Personal_Finance_Manager.xcdatamodeld */ = {
			isa = XCVersionGroup;
			children = (
				CEB8A9E22C33606C00FB1DEF /* Personal_Finance_Manager.xcdatamodel */,
			);
			currentVersion = CEB8A9E22C33606C00FB1DEF /* Personal_Finance_Manager.xcdatamodel */;
			path = Personal_Finance_Manager.xcdatamodeld;
			sourceTree = "<group>";
			versionGroupType = wrapper.xcdatamodel;
		};
/* End XCVersionGroup section */
	};
	rootObject = CE26F3A82C30A46300AC0FE0 /* Project object */;
}
